
Microsoft Visual Studio Solution File, Format Version 12.00
# Visual Studio Version 17
VisualStudioVersion = 17.6.33815.320
MinimumVisualStudioVersion = 10.0.40219.1
Project("{9A19103F-16F7-4668-BE54-9A1E7A4F7556}") = "ConsoleUI", "ConsoleUI\ConsoleUI.csproj", "{A71DADD9-330A-4332-85A4-902A13492CF2}"
EndProject
Project("{9A19103F-16F7-4668-BE54-9A1E7A4F7556}") = "Business", "Business\Business.csproj", "{C077DBB0-D4FC-488A-893D-D4694EDD191A}"
EndProject
Project("{9A19103F-16F7-4668-BE54-9A1E7A4F7556}") = "DataAccess", "DataAccess\DataAccess.csproj", "{2E142097-56BD-4C98-B55A-1FB3AD9A2032}"
EndProject
Project("{9A19103F-16F7-4668-BE54-9A1E7A4F7556}") = "Entities", "Entities\Entities.csproj", "{7F992E4D-8F33-4279-ADB0-585D946F48EB}"
EndProject
Global
	GlobalSection(SolutionConfigurationPlatforms) = preSolution
		Debug|Any CPU = Debug|Any CPU
		Release|Any CPU = Release|Any CPU
	EndGlobalSection
	GlobalSection(ProjectConfigurationPlatforms) = postSolution
		{A71DADD9-330A-4332-85A4-902A13492CF2}.Debug|Any CPU.ActiveCfg = Debug|Any CPU
		{A71DADD9-330A-4332-85A4-902A13492CF2}.Debug|Any CPU.Build.0 = Debug|Any CPU
		{A71DADD9-330A-4332-85A4-902A13492CF2}.Release|Any CPU.ActiveCfg = Release|Any CPU
		{A71DADD9-330A-4332-85A4-902A13492CF2}.Release|Any CPU.Build.0 = Release|Any CPU
		{C077DBB0-D4FC-488A-893D-D4694EDD191A}.Debug|Any CPU.ActiveCfg = Debug|Any CPU
		{C077DBB0-D4FC-488A-893D-D4694EDD191A}.Debug|Any CPU.Build.0 = Debug|Any CPU
		{C077DBB0-D4FC-488A-893D-D4694EDD191A}.Release|Any CPU.ActiveCfg = Release|Any CPU
		{C077DBB0-D4FC-488A-893D-D4694EDD191A}.Release|Any CPU.Build.0 = Release|Any CPU
		{2E142097-56BD-4C98-B55A-1FB3AD9A2032}.Debug|Any CPU.ActiveCfg = Debug|Any CPU
		{2E142097-56BD-4C98-B55A-1FB3AD9A2032}.Debug|Any CPU.Build.0 = Debug|Any CPU
		{2E142097-56BD-4C98-B55A-1FB3AD9A2032}.Release|Any CPU.ActiveCfg = Release|Any CPU
		{2E142097-56BD-4C98-B55A-1FB3AD9A2032}.Release|Any CPU.Build.0 = Release|Any CPU
		{7F992E4D-8F33-4279-ADB0-585D946F48EB}.Debug|Any CPU.ActiveCfg = Debug|Any CPU
		{7F992E4D-8F33-4279-ADB0-585D946F48EB}.Debug|Any CPU.Build.0 = Debug|Any CPU
		{7F992E4D-8F33-4279-ADB0-585D946F48EB}.Release|Any CPU.ActiveCfg = Release|Any CPU
		{7F992E4D-8F33-4279-ADB0-585D946F48EB}.Release|Any CPU.Build.0 = Release|Any CPU
	EndGlobalSection
	GlobalSection(SolutionProperties) = preSolution
		HideSolutionNode = FALSE
	EndGlobalSection
	GlobalSection(ExtensibilityGlobals) = postSolution
		SolutionGuid = {56DFFB15-B1BD-491E-9BBF-A92BD13A7F4B}
	EndGlobalSection
EndGlobal
