
Microsoft Visual Studio Solution File, Format Version 12.00
# Visual Studio Version 17
VisualStudioVersion = 17.6.33815.320
MinimumVisualStudioVersion = 10.0.40219.1
Project("{FAE04EC0-301F-11D3-BF4B-00C04F79EFBC}") = "TypesAndVariables", "TypesAndVariables\TypesAndVariables.csproj", "{0C730BEA-551D-4B7A-9492-7099A564356D}"
EndProject
Global
	GlobalSection(SolutionConfigurationPlatforms) = preSolution
		Debug|Any CPU = Debug|Any CPU
		Release|Any CPU = Release|Any CPU
	EndGlobalSection
	GlobalSection(ProjectConfigurationPlatforms) = postSolution
		{0C730BEA-551D-4B7A-9492-7099A564356D}.Debug|Any CPU.ActiveCfg = Debug|Any CPU
		{0C730BEA-551D-4B7A-9492-7099A564356D}.Debug|Any CPU.Build.0 = Debug|Any CPU
		{0C730BEA-551D-4B7A-9492-7099A564356D}.Release|Any CPU.ActiveCfg = Release|Any CPU
		{0C730BEA-551D-4B7A-9492-7099A564356D}.Release|Any CPU.Build.0 = Release|Any CPU
	EndGlobalSection
	GlobalSection(SolutionProperties) = preSolution
		HideSolutionNode = FALSE
	EndGlobalSection
	GlobalSection(ExtensibilityGlobals) = postSolution
		SolutionGuid = {F7E0D0E7-DCFF-439C-AAD8-69AFF8CA0C9B}
	EndGlobalSection
EndGlobal
